schema: '2.0'
stages:
  write-wait:
    cmd: python write_wait.py
    deps:
    - path: simulate.py
      hash: md5
      md5: 1630b1ed5dcd10790fd4e6fda0a2ffe6
      size: 5343
    - path: write_wait.py
      hash: md5
      md5: ece86fb0e421dd4d2bb39f5c2c9d8c57
      size: 12697
    params:
      params.yaml:
        write_wait: 100
